
Microsoft Visual Studio Solution File, Format Version 12.00
# Visual Studio 15
VisualStudioVersion = 15.0.27703.2035
MinimumVisualStudioVersion = 10.0.40219.1
Project("{FAE04EC0-301F-11D3-BF4B-00C04F79EFBC}") = "Antlr.Grammar", "Antlr.Grammar\Antlr.Grammar.csproj", "{640AF613-8875-412F-B974-62D058C042F8}"
EndProject
Project("{FAE04EC0-301F-11D3-BF4B-00C04F79EFBC}") = "BuildGrammar", "BuildGrammar\BuildGrammar.csproj", "{B7E5005A-98A2-4E1E-837B-FF490A0B9C1F}"
EndProject
Project("{FAE04EC0-301F-11D3-BF4B-00C04F79EFBC}") = "TestGrammar", "TestGrammar\TestGrammar.csproj", "{5E10559F-543B-4F3E-80E2-4FA812BB5DB8}"
EndProject
Project("{9A19103F-16F7-4668-BE54-9A1E7A4F7556}") = "JavaUtilities", "JavaUtilities\JavaUtilities.csproj", "{C522ED0D-1537-40D8-8B5C-8B8D14A9DC60}"
EndProject
Project("{FAE04EC0-301F-11D3-BF4B-00C04F79EFBC}") = "IntellisenseTest", "IntellisenseTest\IntellisenseTest.csproj", "{214ADA6B-198C-49B4-A5DD-8281206EC53C}"
EndProject
Project("{FAE04EC0-301F-11D3-BF4B-00C04F79EFBC}") = "Designer", "Designer\Designer.csproj", "{B7DA55BC-2C9C-4E95-9353-E001ED02EAC3}"
EndProject
Project("{2150E333-8FDC-42A3-9474-1A3956D46DE8}") = "Old", "Old", "{2DA9BAAF-A8E9-4A89-9BCB-2EB65B4B529C}"
EndProject
Project("{2150E333-8FDC-42A3-9474-1A3956D46DE8}") = "Grammars", "Grammars", "{052C53F6-5226-4A64-8D0C-79CE58327B1B}"
EndProject
Project("{2150E333-8FDC-42A3-9474-1A3956D46DE8}") = "UI", "UI", "{84BF0FC5-BA5F-4A0C-9BD8-F6AE6B8F9083}"
EndProject
Project("{2150E333-8FDC-42A3-9474-1A3956D46DE8}") = "Utilities", "Utilities", "{9FD6540C-B482-47F7-8EDB-A0D92FB8B795}"
EndProject
Project("{FAE04EC0-301F-11D3-BF4B-00C04F79EFBC}") = "GrammarBuilder", "GrammarBuilder\GrammarBuilder.csproj", "{7F1771FE-5E64-4393-9B69-FC021A8B864F}"
EndProject
Global
	GlobalSection(SolutionConfigurationPlatforms) = preSolution
		Debug|Any CPU = Debug|Any CPU
		Release|Any CPU = Release|Any CPU
	EndGlobalSection
	GlobalSection(ProjectConfigurationPlatforms) = postSolution
		{640AF613-8875-412F-B974-62D058C042F8}.Debug|Any CPU.ActiveCfg = Debug|Any CPU
		{640AF613-8875-412F-B974-62D058C042F8}.Debug|Any CPU.Build.0 = Debug|Any CPU
		{640AF613-8875-412F-B974-62D058C042F8}.Release|Any CPU.ActiveCfg = Release|Any CPU
		{640AF613-8875-412F-B974-62D058C042F8}.Release|Any CPU.Build.0 = Release|Any CPU
		{B7E5005A-98A2-4E1E-837B-FF490A0B9C1F}.Debug|Any CPU.ActiveCfg = Debug|Any CPU
		{B7E5005A-98A2-4E1E-837B-FF490A0B9C1F}.Debug|Any CPU.Build.0 = Debug|Any CPU
		{B7E5005A-98A2-4E1E-837B-FF490A0B9C1F}.Release|Any CPU.ActiveCfg = Release|Any CPU
		{B7E5005A-98A2-4E1E-837B-FF490A0B9C1F}.Release|Any CPU.Build.0 = Release|Any CPU
		{5E10559F-543B-4F3E-80E2-4FA812BB5DB8}.Debug|Any CPU.ActiveCfg = Debug|Any CPU
		{5E10559F-543B-4F3E-80E2-4FA812BB5DB8}.Debug|Any CPU.Build.0 = Debug|Any CPU
		{5E10559F-543B-4F3E-80E2-4FA812BB5DB8}.Release|Any CPU.ActiveCfg = Release|Any CPU
		{5E10559F-543B-4F3E-80E2-4FA812BB5DB8}.Release|Any CPU.Build.0 = Release|Any CPU
		{C522ED0D-1537-40D8-8B5C-8B8D14A9DC60}.Debug|Any CPU.ActiveCfg = Debug|Any CPU
		{C522ED0D-1537-40D8-8B5C-8B8D14A9DC60}.Debug|Any CPU.Build.0 = Debug|Any CPU
		{C522ED0D-1537-40D8-8B5C-8B8D14A9DC60}.Release|Any CPU.ActiveCfg = Release|Any CPU
		{C522ED0D-1537-40D8-8B5C-8B8D14A9DC60}.Release|Any CPU.Build.0 = Release|Any CPU
		{214ADA6B-198C-49B4-A5DD-8281206EC53C}.Debug|Any CPU.ActiveCfg = Debug|Any CPU
		{214ADA6B-198C-49B4-A5DD-8281206EC53C}.Debug|Any CPU.Build.0 = Debug|Any CPU
		{214ADA6B-198C-49B4-A5DD-8281206EC53C}.Release|Any CPU.ActiveCfg = Release|Any CPU
		{214ADA6B-198C-49B4-A5DD-8281206EC53C}.Release|Any CPU.Build.0 = Release|Any CPU
		{B7DA55BC-2C9C-4E95-9353-E001ED02EAC3}.Debug|Any CPU.ActiveCfg = Debug|Any CPU
		{B7DA55BC-2C9C-4E95-9353-E001ED02EAC3}.Debug|Any CPU.Build.0 = Debug|Any CPU
		{B7DA55BC-2C9C-4E95-9353-E001ED02EAC3}.Release|Any CPU.ActiveCfg = Release|Any CPU
		{B7DA55BC-2C9C-4E95-9353-E001ED02EAC3}.Release|Any CPU.Build.0 = Release|Any CPU
		{7F1771FE-5E64-4393-9B69-FC021A8B864F}.Debug|Any CPU.ActiveCfg = Debug|Any CPU
		{7F1771FE-5E64-4393-9B69-FC021A8B864F}.Debug|Any CPU.Build.0 = Debug|Any CPU
		{7F1771FE-5E64-4393-9B69-FC021A8B864F}.Release|Any CPU.ActiveCfg = Release|Any CPU
		{7F1771FE-5E64-4393-9B69-FC021A8B864F}.Release|Any CPU.Build.0 = Release|Any CPU
	EndGlobalSection
	GlobalSection(SolutionProperties) = preSolution
		HideSolutionNode = FALSE
	EndGlobalSection
	GlobalSection(NestedProjects) = preSolution
		{640AF613-8875-412F-B974-62D058C042F8} = {2DA9BAAF-A8E9-4A89-9BCB-2EB65B4B529C}
		{B7E5005A-98A2-4E1E-837B-FF490A0B9C1F} = {2DA9BAAF-A8E9-4A89-9BCB-2EB65B4B529C}
		{5E10559F-543B-4F3E-80E2-4FA812BB5DB8} = {2DA9BAAF-A8E9-4A89-9BCB-2EB65B4B529C}
		{C522ED0D-1537-40D8-8B5C-8B8D14A9DC60} = {2DA9BAAF-A8E9-4A89-9BCB-2EB65B4B529C}
		{214ADA6B-198C-49B4-A5DD-8281206EC53C} = {2DA9BAAF-A8E9-4A89-9BCB-2EB65B4B529C}
		{B7DA55BC-2C9C-4E95-9353-E001ED02EAC3} = {2DA9BAAF-A8E9-4A89-9BCB-2EB65B4B529C}
		{7F1771FE-5E64-4393-9B69-FC021A8B864F} = {9FD6540C-B482-47F7-8EDB-A0D92FB8B795}
	EndGlobalSection
	GlobalSection(ExtensibilityGlobals) = postSolution
		SolutionGuid = {AD3A4FFA-97B2-442F-B276-26772ADDF4DF}
	EndGlobalSection
EndGlobal
