
Microsoft Visual Studio Solution File, Format Version 12.00
# Visual Studio 15
VisualStudioVersion = 15.0.27703.2035
MinimumVisualStudioVersion = 10.0.40219.1
Project("{2150E333-8FDC-42A3-9474-1A3956D46DE8}") = "Grammars", "Grammars", "{052C53F6-5226-4A64-8D0C-79CE58327B1B}"
EndProject
Project("{2150E333-8FDC-42A3-9474-1A3956D46DE8}") = "UI", "UI", "{84BF0FC5-BA5F-4A0C-9BD8-F6AE6B8F9083}"
EndProject
Project("{2150E333-8FDC-42A3-9474-1A3956D46DE8}") = "Utilities", "Utilities", "{9FD6540C-B482-47F7-8EDB-A0D92FB8B795}"
EndProject
Project("{9A19103F-16F7-4668-BE54-9A1E7A4F7556}") = "GrammarBuilder", "GrammarBuilder\GrammarBuilder.csproj", "{7F1771FE-5E64-4393-9B69-FC021A8B864F}"
EndProject
Project("{9A19103F-16F7-4668-BE54-9A1E7A4F7556}") = "GrammarSuggester", "GrammarSuggester\GrammarSuggester.csproj", "{1F71F4B6-8644-400F-BC2C-958C4E6C0EDD}"
EndProject
Project("{9A19103F-16F7-4668-BE54-9A1E7A4F7556}") = "UserGrammar", "Grammars\UserGrammar\UserGrammar.csproj", "{ADECA969-B9CC-49E1-8548-E7CFFB36F361}"
EndProject
Project("{2150E333-8FDC-42A3-9474-1A3956D46DE8}") = "Core", "Core", "{4405739D-BADD-47FB-B6F5-22920C77D40A}"
EndProject
Project("{9A19103F-16F7-4668-BE54-9A1E7A4F7556}") = "Core", "Core\Core.csproj", "{DC825327-00F6-4FA4-8C44-32A4D897EAB5}"
EndProject
Project("{FAE04EC0-301F-11D3-BF4B-00C04F79EFBC}") = "Domain", "Domain\Domain.csproj", "{4088B723-3634-4BDD-BC26-7C05177E8C5C}"
EndProject
Project("{2150E333-8FDC-42A3-9474-1A3956D46DE8}") = "Domain", "Domain", "{AF7B8DD1-72BC-49B5-B202-D03720B43D1E}"
EndProject
Global
	GlobalSection(SolutionConfigurationPlatforms) = preSolution
		Debug|Any CPU = Debug|Any CPU
		Release|Any CPU = Release|Any CPU
	EndGlobalSection
	GlobalSection(ProjectConfigurationPlatforms) = postSolution
		{7F1771FE-5E64-4393-9B69-FC021A8B864F}.Debug|Any CPU.ActiveCfg = Debug|Any CPU
		{7F1771FE-5E64-4393-9B69-FC021A8B864F}.Debug|Any CPU.Build.0 = Debug|Any CPU
		{7F1771FE-5E64-4393-9B69-FC021A8B864F}.Release|Any CPU.ActiveCfg = Release|Any CPU
		{7F1771FE-5E64-4393-9B69-FC021A8B864F}.Release|Any CPU.Build.0 = Release|Any CPU
		{1F71F4B6-8644-400F-BC2C-958C4E6C0EDD}.Debug|Any CPU.ActiveCfg = Debug|Any CPU
		{1F71F4B6-8644-400F-BC2C-958C4E6C0EDD}.Debug|Any CPU.Build.0 = Debug|Any CPU
		{1F71F4B6-8644-400F-BC2C-958C4E6C0EDD}.Release|Any CPU.ActiveCfg = Release|Any CPU
		{1F71F4B6-8644-400F-BC2C-958C4E6C0EDD}.Release|Any CPU.Build.0 = Release|Any CPU
		{ADECA969-B9CC-49E1-8548-E7CFFB36F361}.Debug|Any CPU.ActiveCfg = Debug|Any CPU
		{ADECA969-B9CC-49E1-8548-E7CFFB36F361}.Debug|Any CPU.Build.0 = Debug|Any CPU
		{ADECA969-B9CC-49E1-8548-E7CFFB36F361}.Release|Any CPU.ActiveCfg = Release|Any CPU
		{ADECA969-B9CC-49E1-8548-E7CFFB36F361}.Release|Any CPU.Build.0 = Release|Any CPU
		{DC825327-00F6-4FA4-8C44-32A4D897EAB5}.Debug|Any CPU.ActiveCfg = Debug|Any CPU
		{DC825327-00F6-4FA4-8C44-32A4D897EAB5}.Debug|Any CPU.Build.0 = Debug|Any CPU
		{DC825327-00F6-4FA4-8C44-32A4D897EAB5}.Release|Any CPU.ActiveCfg = Release|Any CPU
		{DC825327-00F6-4FA4-8C44-32A4D897EAB5}.Release|Any CPU.Build.0 = Release|Any CPU
		{4088B723-3634-4BDD-BC26-7C05177E8C5C}.Debug|Any CPU.ActiveCfg = Debug|Any CPU
		{4088B723-3634-4BDD-BC26-7C05177E8C5C}.Debug|Any CPU.Build.0 = Debug|Any CPU
		{4088B723-3634-4BDD-BC26-7C05177E8C5C}.Release|Any CPU.ActiveCfg = Release|Any CPU
		{4088B723-3634-4BDD-BC26-7C05177E8C5C}.Release|Any CPU.Build.0 = Release|Any CPU
	EndGlobalSection
	GlobalSection(SolutionProperties) = preSolution
		HideSolutionNode = FALSE
	EndGlobalSection
	GlobalSection(NestedProjects) = preSolution
		{7F1771FE-5E64-4393-9B69-FC021A8B864F} = {9FD6540C-B482-47F7-8EDB-A0D92FB8B795}
		{1F71F4B6-8644-400F-BC2C-958C4E6C0EDD} = {9FD6540C-B482-47F7-8EDB-A0D92FB8B795}
		{ADECA969-B9CC-49E1-8548-E7CFFB36F361} = {052C53F6-5226-4A64-8D0C-79CE58327B1B}
		{DC825327-00F6-4FA4-8C44-32A4D897EAB5} = {4405739D-BADD-47FB-B6F5-22920C77D40A}
		{4088B723-3634-4BDD-BC26-7C05177E8C5C} = {AF7B8DD1-72BC-49B5-B202-D03720B43D1E}
	EndGlobalSection
	GlobalSection(ExtensibilityGlobals) = postSolution
		SolutionGuid = {AD3A4FFA-97B2-442F-B276-26772ADDF4DF}
	EndGlobalSection
EndGlobal
